
Microsoft Visual Studio Solution File, Format Version 12.00
# Visual Studio Version 16
VisualStudioVersion = 16.0.30804.86
MinimumVisualStudioVersion = 10.0.40219.1
Project("{2150E333-8FDC-42A3-9474-1A3956D46DE8}") = "Solution Items", "Solution Items", "{31DCAD51-B8FE-46C9-95E9-B6E401F8FC9E}"
	ProjectSection(SolutionItems) = preProject
		.editorconfig = .editorconfig
	EndProjectSection
EndProject
Project("{FAE04EC0-301F-11D3-BF4B-00C04F79EFBC}") = "Trotec.Recruitment.CidMapper.Tests", "Trotec.Recruitment.CidMapper.Tests\Trotec.Recruitment.CidMapper.Tests.csproj", "{91CD151A-E92B-4153-865C-7D1AEB5E6899}"
EndProject
Project("{FAE04EC0-301F-11D3-BF4B-00C04F79EFBC}") = "Trotec.Recruitment.CidMapper", "Trotec.Recruitment.CidMapper\Trotec.Recruitment.CidMapper.csproj", "{6A9268E7-26E4-4013-9471-A15E70B6CCBB}"
EndProject
Global
	GlobalSection(SolutionConfigurationPlatforms) = preSolution
		Debug|Any CPU = Debug|Any CPU
		Release|Any CPU = Release|Any CPU
	EndGlobalSection
	GlobalSection(ProjectConfigurationPlatforms) = postSolution
		{91CD151A-E92B-4153-865C-7D1AEB5E6899}.Debug|Any CPU.ActiveCfg = Debug|Any CPU
		{91CD151A-E92B-4153-865C-7D1AEB5E6899}.Debug|Any CPU.Build.0 = Debug|Any CPU
		{91CD151A-E92B-4153-865C-7D1AEB5E6899}.Release|Any CPU.ActiveCfg = Release|Any CPU
		{91CD151A-E92B-4153-865C-7D1AEB5E6899}.Release|Any CPU.Build.0 = Release|Any CPU
		{6A9268E7-26E4-4013-9471-A15E70B6CCBB}.Debug|Any CPU.ActiveCfg = Debug|Any CPU
		{6A9268E7-26E4-4013-9471-A15E70B6CCBB}.Debug|Any CPU.Build.0 = Debug|Any CPU
		{6A9268E7-26E4-4013-9471-A15E70B6CCBB}.Release|Any CPU.ActiveCfg = Release|Any CPU
		{6A9268E7-26E4-4013-9471-A15E70B6CCBB}.Release|Any CPU.Build.0 = Release|Any CPU
	EndGlobalSection
	GlobalSection(SolutionProperties) = preSolution
		HideSolutionNode = FALSE
	EndGlobalSection
	GlobalSection(ExtensibilityGlobals) = postSolution
		SolutionGuid = {1353B1D2-758B-4FB7-B1C6-794DB25E2B75}
	EndGlobalSection
EndGlobal
